
Microsoft Visual Studio Solution File, Format Version 12.00
# Visual Studio Version 17
VisualStudioVersion = 17.4.33205.214
MinimumVisualStudioVersion = 10.0.40219.1
Project("{2150E333-8FDC-42A3-9474-1A3956D46DE8}") = "src", "src", "{150661BE-31DE-4BB7-8D97-21E0B22EF353}"
EndProject
Project("{2150E333-8FDC-42A3-9474-1A3956D46DE8}") = "test", "test", "{EA83C183-B00C-49D9-8374-27364C05EE73}"
EndProject
Project("{9A19103F-16F7-4668-BE54-9A1E7A4F7556}") = "Pomelo.Storage.WebDav.Abstractions", "src\Pomelo.Storage.WebDav.Abstraction\Pomelo.Storage.WebDav.Abstractions.csproj", "{CE9B0F23-FC29-48ED-A90B-C812111DF50D}"
EndProject
Project("{9A19103F-16F7-4668-BE54-9A1E7A4F7556}") = "Pomelo.Storage.WebDav", "src\Pomelo.Storage.WebDav\Pomelo.Storage.WebDav.csproj", "{77B7E4A0-3481-403F-A191-B8B7A5E014D2}"
EndProject
Global
	GlobalSection(SolutionConfigurationPlatforms) = preSolution
		Debug|Any CPU = Debug|Any CPU
		Release|Any CPU = Release|Any CPU
	EndGlobalSection
	GlobalSection(ProjectConfigurationPlatforms) = postSolution
		{CE9B0F23-FC29-48ED-A90B-C812111DF50D}.Debug|Any CPU.ActiveCfg = Debug|Any CPU
		{CE9B0F23-FC29-48ED-A90B-C812111DF50D}.Debug|Any CPU.Build.0 = Debug|Any CPU
		{CE9B0F23-FC29-48ED-A90B-C812111DF50D}.Release|Any CPU.ActiveCfg = Release|Any CPU
		{CE9B0F23-FC29-48ED-A90B-C812111DF50D}.Release|Any CPU.Build.0 = Release|Any CPU
		{77B7E4A0-3481-403F-A191-B8B7A5E014D2}.Debug|Any CPU.ActiveCfg = Debug|Any CPU
		{77B7E4A0-3481-403F-A191-B8B7A5E014D2}.Debug|Any CPU.Build.0 = Debug|Any CPU
		{77B7E4A0-3481-403F-A191-B8B7A5E014D2}.Release|Any CPU.ActiveCfg = Release|Any CPU
		{77B7E4A0-3481-403F-A191-B8B7A5E014D2}.Release|Any CPU.Build.0 = Release|Any CPU
	EndGlobalSection
	GlobalSection(SolutionProperties) = preSolution
		HideSolutionNode = FALSE
	EndGlobalSection
	GlobalSection(NestedProjects) = preSolution
		{CE9B0F23-FC29-48ED-A90B-C812111DF50D} = {150661BE-31DE-4BB7-8D97-21E0B22EF353}
		{77B7E4A0-3481-403F-A191-B8B7A5E014D2} = {150661BE-31DE-4BB7-8D97-21E0B22EF353}
	EndGlobalSection
	GlobalSection(ExtensibilityGlobals) = postSolution
		SolutionGuid = {DD4499FF-E4F3-43D2-8DF2-293A78168090}
	EndGlobalSection
EndGlobal
